
Microsoft Visual Studio Solution File, Format Version 12.00
# Visual Studio Version 16
VisualStudioVersion = 16.0.30907.101
MinimumVisualStudioVersion = 10.0.40219.1
Project("{FAE04EC0-301F-11D3-BF4B-00C04F79EFBC}") = "Ejercicios_Del_Libro_De_Cshart", "Ejercicios_Del_Libro_De_Cshart\Ejercicios_Del_Libro_De_Cshart.csproj", "{7F775B6A-946C-4A6F-8639-09B41A13A83A}"
EndProject
Global
	GlobalSection(SolutionConfigurationPlatforms) = preSolution
		Debug|Any CPU = Debug|Any CPU
		Release|Any CPU = Release|Any CPU
	EndGlobalSection
	GlobalSection(ProjectConfigurationPlatforms) = postSolution
		{7F775B6A-946C-4A6F-8639-09B41A13A83A}.Debug|Any CPU.ActiveCfg = Debug|Any CPU
		{7F775B6A-946C-4A6F-8639-09B41A13A83A}.Debug|Any CPU.Build.0 = Debug|Any CPU
		{7F775B6A-946C-4A6F-8639-09B41A13A83A}.Release|Any CPU.ActiveCfg = Release|Any CPU
		{7F775B6A-946C-4A6F-8639-09B41A13A83A}.Release|Any CPU.Build.0 = Release|Any CPU
	EndGlobalSection
	GlobalSection(SolutionProperties) = preSolution
		HideSolutionNode = FALSE
	EndGlobalSection
	GlobalSection(ExtensibilityGlobals) = postSolution
		SolutionGuid = {7641E39E-50C1-46CE-99D7-D41288B686F8}
	EndGlobalSection
EndGlobal
